// !$*UTF8*$!
{
	archiveVersion = 1;
	classes = {
	};
	objectVersion = 55;
	objects = {

/* Begin PBXBuildFile section */
		6D84418028731BF900065E97 /* WeatherTestUIApp.swift in Sources */ = {isa = PBXBuildFile; fileRef = 6D84417F28731BF900065E97 /* WeatherTestUIApp.swift */; };
		6D84418228731BF900065E97 /* ContentView.swift in Sources */ = {isa = PBXBuildFile; fileRef = 6D84418128731BF900065E97 /* ContentView.swift */; };
		6D84418428731BFA00065E97 /* Assets.xcassets in Resources */ = {isa = PBXBuildFile; fileRef = 6D84418328731BFA00065E97 /* Assets.xcassets */; };
		6D84418728731BFA00065E97 /* Preview Assets.xcassets in Resources */ = {isa = PBXBuildFile; fileRef = 6D84418628731BFA00065E97 /* Preview Assets.xcassets */; };
		6D84419128731BFA00065E97 /* WeatherTestUITests.swift in Sources */ = {isa = PBXBuildFile; fileRef = 6D84419028731BFA00065E97 /* WeatherTestUITests.swift */; };
		6D84419B28731BFA00065E97 /* WeatherTestUIUITests.swift in Sources */ = {isa = PBXBuildFile; fileRef = 6D84419A28731BFA00065E97 /* WeatherTestUIUITests.swift */; };
		6D84419D28731BFA00065E97 /* WeatherTestUIUITestsLaunchTests.swift in Sources */ = {isa = PBXBuildFile; fileRef = 6D84419C28731BFA00065E97 /* WeatherTestUIUITestsLaunchTests.swift */; };
		6D8441AA28731C2900065E97 /* WeatherViewModel.swift in Sources */ = {isa = PBXBuildFile; fileRef = 6D8441A928731C2900065E97 /* WeatherViewModel.swift */; };
		6D8441AC28731D7F00065E97 /* WeatherView.swift in Sources */ = {isa = PBXBuildFile; fileRef = 6D8441AB28731D7F00065E97 /* WeatherView.swift */; };
		6D8441AF28731E1C00065E97 /* Alamofire in Frameworks */ = {isa = PBXBuildFile; productRef = 6D8441AE28731E1C00065E97 /* Alamofire */; };
		6D8441B128731E2700065E97 /* WeatherGateway.swift in Sources */ = {isa = PBXBuildFile; fileRef = 6D8441B028731E2700065E97 /* WeatherGateway.swift */; };
		6D8441B7287323AF00065E97 /* WeatherModels.swift in Sources */ = {isa = PBXBuildFile; fileRef = 6D8441B6287323AF00065E97 /* WeatherModels.swift */; };
		6D8441BD287340A800065E97 /* WeatherItemView.swift in Sources */ = {isa = PBXBuildFile; fileRef = 6D8441BC287340A800065E97 /* WeatherItemView.swift */; };
		6D8441BF28734C6F00065E97 /* DisplayedWeather.swift in Sources */ = {isa = PBXBuildFile; fileRef = 6D8441BE28734C6F00065E97 /* DisplayedWeather.swift */; };
		6D9492EF287355CD00843835 /* CurrentWeatherView.swift in Sources */ = {isa = PBXBuildFile; fileRef = 6D9492EE287355CD00843835 /* CurrentWeatherView.swift */; };
/* End PBXBuildFile section */

/* Begin PBXContainerItemProxy section */
		6D84418D28731BFA00065E97 /* PBXContainerItemProxy */ = {
			isa = PBXContainerItemProxy;
			containerPortal = 6D84417428731BF900065E97 /* Project object */;
			proxyType = 1;
			remoteGlobalIDString = 6D84417B28731BF900065E97;
			remoteInfo = WeatherTestUI;
		};
		6D84419728731BFA00065E97 /* PBXContainerItemProxy */ = {
			isa = PBXContainerItemProxy;
			containerPortal = 6D84417428731BF900065E97 /* Project object */;
			proxyType = 1;
			remoteGlobalIDString = 6D84417B28731BF900065E97;
			remoteInfo = WeatherTestUI;
		};
/* End PBXContainerItemProxy section */

/* Begin PBXFileReference section */
		6D84417C28731BF900065E97 /* WeatherTestUI.app */ = {isa = PBXFileReference; explicitFileType = wrapper.application; includeInIndex = 0; path = WeatherTestUI.app; sourceTree = BUILT_PRODUCTS_DIR; };
		6D84417F28731BF900065E97 /* WeatherTestUIApp.swift */ = {isa = PBXFileReference; lastKnownFileType = sourcecode.swift; path = WeatherTestUIApp.swift; sourceTree = "<group>"; };
		6D84418128731BF900065E97 /* ContentView.swift */ = {isa = PBXFileReference; lastKnownFileType = sourcecode.swift; path = ContentView.swift; sourceTree = "<group>"; };
		6D84418328731BFA00065E97 /* Assets.xcassets */ = {isa = PBXFileReference; lastKnownFileType = folder.assetcatalog; path = Assets.xcassets; sourceTree = "<group>"; };
		6D84418628731BFA00065E97 /* Preview Assets.xcassets */ = {isa = PBXFileReference; lastKnownFileType = folder.assetcatalog; path = "Preview Assets.xcassets"; sourceTree = "<group>"; };
		6D84418C28731BFA00065E97 /* WeatherTestUITests.xctest */ = {isa = PBXFileReference; explicitFileType = wrapper.cfbundle; includeInIndex = 0; path = WeatherTestUITests.xctest; sourceTree = BUILT_PRODUCTS_DIR; };
		6D84419028731BFA00065E97 /* WeatherTestUITests.swift */ = {isa = PBXFileReference; lastKnownFileType = sourcecode.swift; path = WeatherTestUITests.swift; sourceTree = "<group>"; };
		6D84419628731BFA00065E97 /* WeatherTestUIUITests.xctest */ = {isa = PBXFileReference; explicitFileType = wrapper.cfbundle; includeInIndex = 0; path = WeatherTestUIUITests.xctest; sourceTree = BUILT_PRODUCTS_DIR; };
		6D84419A28731BFA00065E97 /* WeatherTestUIUITests.swift */ = {isa = PBXFileReference; lastKnownFileType = sourcecode.swift; path = WeatherTestUIUITests.swift; sourceTree = "<group>"; };
		6D84419C28731BFA00065E97 /* WeatherTestUIUITestsLaunchTests.swift */ = {isa = PBXFileReference; lastKnownFileType = sourcecode.swift; path = WeatherTestUIUITestsLaunchTests.swift; sourceTree = "<group>"; };
		6D8441A928731C2900065E97 /* WeatherViewModel.swift */ = {isa = PBXFileReference; lastKnownFileType = sourcecode.swift; path = WeatherViewModel.swift; sourceTree = "<group>"; };
		6D8441AB28731D7F00065E97 /* WeatherView.swift */ = {isa = PBXFileReference; lastKnownFileType = sourcecode.swift; path = WeatherView.swift; sourceTree = "<group>"; };
		6D8441B028731E2700065E97 /* WeatherGateway.swift */ = {isa = PBXFileReference; lastKnownFileType = sourcecode.swift; path = WeatherGateway.swift; sourceTree = "<group>"; };
		6D8441B6287323AF00065E97 /* WeatherModels.swift */ = {isa = PBXFileReference; lastKnownFileType = sourcecode.swift; path = WeatherModels.swift; sourceTree = "<group>"; };
		6D8441BC287340A800065E97 /* WeatherItemView.swift */ = {isa = PBXFileReference; lastKnownFileType = sourcecode.swift; path = WeatherItemView.swift; sourceTree = "<group>"; };
		6D8441BE28734C6F00065E97 /* DisplayedWeather.swift */ = {isa = PBXFileReference; lastKnownFileType = sourcecode.swift; path = DisplayedWeather.swift; sourceTree = "<group>"; };
		6D9492EE287355CD00843835 /* CurrentWeatherView.swift */ = {isa = PBXFileReference; lastKnownFileType = sourcecode.swift; path = CurrentWeatherView.swift; sourceTree = "<group>"; };
/* End PBXFileReference section */

/* Begin PBXFrameworksBuildPhase section */
		6D84417928731BF900065E97 /* Frameworks */ = {
			isa = PBXFrameworksBuildPhase;
			buildActionMask = 2147483647;
			files = (
				6D8441AF28731E1C00065E97 /* Alamofire in Frameworks */,
			);
			runOnlyForDeploymentPostprocessing = 0;
		};
		6D84418928731BFA00065E97 /* Frameworks */ = {
			isa = PBXFrameworksBuildPhase;
			buildActionMask = 2147483647;
			files = (
			);
			runOnlyForDeploymentPostprocessing = 0;
		};
		6D84419328731BFA00065E97 /* Frameworks */ = {
			isa = PBXFrameworksBuildPhase;
			buildActionMask = 2147483647;
			files = (
			);
			runOnlyForDeploymentPostprocessing = 0;
		};
/* End PBXFrameworksBuildPhase section */

/* Begin PBXGroup section */
		6D84417328731BF900065E97 = {
			isa = PBXGroup;
			children = (
				6D84417E28731BF900065E97 /* WeatherTestUI */,
				6D84418F28731BFA00065E97 /* WeatherTestUITests */,
				6D84419928731BFA00065E97 /* WeatherTestUIUITests */,
				6D84417D28731BF900065E97 /* Products */,
			);
			sourceTree = "<group>";
		};
		6D84417D28731BF900065E97 /* Products */ = {
			isa = PBXGroup;
			children = (
				6D84417C28731BF900065E97 /* WeatherTestUI.app */,
				6D84418C28731BFA00065E97 /* WeatherTestUITests.xctest */,
				6D84419628731BFA00065E97 /* WeatherTestUIUITests.xctest */,
			);
			name = Products;
			sourceTree = "<group>";
		};
		6D84417E28731BF900065E97 /* WeatherTestUI */ = {
			isa = PBXGroup;
			children = (
				6D84417F28731BF900065E97 /* WeatherTestUIApp.swift */,
				6D8441B82873375C00065E97 /* Views */,
				6D8441B92873376300065E97 /* View Models */,
				6D8441BA2873376F00065E97 /* Entities */,
				6D8441BB2873377800065E97 /* Gateway */,
				6D84418528731BFA00065E97 /* Preview Content */,
				6D84418328731BFA00065E97 /* Assets.xcassets */,
			);
			path = WeatherTestUI;
			sourceTree = "<group>";
		};
		6D84418528731BFA00065E97 /* Preview Content */ = {
			isa = PBXGroup;
			children = (
				6D84418628731BFA00065E97 /* Preview Assets.xcassets */,
			);
			path = "Preview Content";
			sourceTree = "<group>";
		};
		6D84418F28731BFA00065E97 /* WeatherTestUITests */ = {
			isa = PBXGroup;
			children = (
				6D84419028731BFA00065E97 /* WeatherTestUITests.swift */,
			);
			path = WeatherTestUITests;
			sourceTree = "<group>";
		};
		6D84419928731BFA00065E97 /* WeatherTestUIUITests */ = {
			isa = PBXGroup;
			children = (
				6D84419A28731BFA00065E97 /* WeatherTestUIUITests.swift */,
				6D84419C28731BFA00065E97 /* WeatherTestUIUITestsLaunchTests.swift */,
			);
			path = WeatherTestUIUITests;
			sourceTree = "<group>";
		};
		6D8441B82873375C00065E97 /* Views */ = {
			isa = PBXGroup;
			children = (
				6D84418128731BF900065E97 /* ContentView.swift */,
				6D8441AB28731D7F00065E97 /* WeatherView.swift */,
				6D9492EE287355CD00843835 /* CurrentWeatherView.swift */,
				6D8441BC287340A800065E97 /* WeatherItemView.swift */,
			);
			path = Views;
			sourceTree = "<group>";
		};
		6D8441B92873376300065E97 /* View Models */ = {
			isa = PBXGroup;
			children = (
				6D8441A928731C2900065E97 /* WeatherViewModel.swift */,
			);
			path = "View Models";
			sourceTree = "<group>";
		};
		6D8441BA2873376F00065E97 /* Entities */ = {
			isa = PBXGroup;
			children = (
				6D8441B6287323AF00065E97 /* WeatherModels.swift */,
				6D8441BE28734C6F00065E97 /* DisplayedWeather.swift */,
			);
			path = Entities;
			sourceTree = "<group>";
		};
		6D8441BB2873377800065E97 /* Gateway */ = {
			isa = PBXGroup;
			children = (
				6D8441B028731E2700065E97 /* WeatherGateway.swift */,
			);
			path = Gateway;
			sourceTree = "<group>";
		};
/* End PBXGroup section */

/* Begin PBXNativeTarget section */
		6D84417B28731BF900065E97 /* WeatherTestUI */ = {
			isa = PBXNativeTarget;
			buildConfigurationList = 6D8441A028731BFA00065E97 /* Build configuration list for PBXNativeTarget "WeatherTestUI" */;
			buildPhases = (
				6D84417828731BF900065E97 /* Sources */,
				6D84417928731BF900065E97 /* Frameworks */,
				6D84417A28731BF900065E97 /* Resources */,
			);
			buildRules = (
			);
			dependencies = (
			);
			name = WeatherTestUI;
			packageProductDependencies = (
				6D8441AE28731E1C00065E97 /* Alamofire */,
			);
			productName = WeatherTestUI;
			productReference = 6D84417C28731BF900065E97 /* WeatherTestUI.app */;
			productType = "com.apple.product-type.application";
		};
		6D84418B28731BFA00065E97 /* WeatherTestUITests */ = {
			isa = PBXNativeTarget;
			buildConfigurationList = 6D8441A328731BFA00065E97 /* Build configuration list for PBXNativeTarget "WeatherTestUITests" */;
			buildPhases = (
				6D84418828731BFA00065E97 /* Sources */,
				6D84418928731BFA00065E97 /* Frameworks */,
				6D84418A28731BFA00065E97 /* Resources */,
			);
			buildRules = (
			);
			dependencies = (
				6D84418E28731BFA00065E97 /* PBXTargetDependency */,
			);
			name = WeatherTestUITests;
			productName = WeatherTestUITests;
			productReference = 6D84418C28731BFA00065E97 /* WeatherTestUITests.xctest */;
			productType = "com.apple.product-type.bundle.unit-test";
		};
		6D84419528731BFA00065E97 /* WeatherTestUIUITests */ = {
			isa = PBXNativeTarget;
			buildConfigurationList = 6D8441A628731BFA00065E97 /* Build configuration list for PBXNativeTarget "WeatherTestUIUITests" */;
			buildPhases = (
				6D84419228731BFA00065E97 /* Sources */,
				6D84419328731BFA00065E97 /* Frameworks */,
				6D84419428731BFA00065E97 /* Resources */,
			);
			buildRules = (
			);
			dependencies = (
				6D84419828731BFA00065E97 /* PBXTargetDependency */,
			);
			name = WeatherTestUIUITests;
			productName = WeatherTestUIUITests;
			productReference = 6D84419628731BFA00065E97 /* WeatherTestUIUITests.xctest */;
			productType = "com.apple.product-type.bundle.ui-testing";
		};
/* End PBXNativeTarget section */

/* Begin PBXProject section */
		6D84417428731BF900065E97 /* Project object */ = {
			isa = PBXProject;
			attributes = {
				BuildIndependentTargetsInParallel = 1;
				LastSwiftUpdateCheck = 1340;
				LastUpgradeCheck = 1340;
				TargetAttributes = {
					6D84417B28731BF900065E97 = {
						CreatedOnToolsVersion = 13.4.1;
					};
					6D84418B28731BFA00065E97 = {
						CreatedOnToolsVersion = 13.4.1;
						TestTargetID = 6D84417B28731BF900065E97;
					};
					6D84419528731BFA00065E97 = {
						CreatedOnToolsVersion = 13.4.1;
						TestTargetID = 6D84417B28731BF900065E97;
					};
				};
			};
			buildConfigurationList = 6D84417728731BF900065E97 /* Build configuration list for PBXProject "WeatherTestUI" */;
			compatibilityVersion = "Xcode 13.0";
			developmentRegion = en;
			hasScannedForEncodings = 0;
			knownRegions = (
				en,
				Base,
			);
			mainGroup = 6D84417328731BF900065E97;
			packageReferences = (
				6D8441AD28731E1C00065E97 /* XCRemoteSwiftPackageReference "Alamofire" */,
				6D8441B3287321F300065E97 /* XCRemoteSwiftPackageReference "SwiftyJSON" */,
			);
			productRefGroup = 6D84417D28731BF900065E97 /* Products */;
			projectDirPath = "";
			projectRoot = "";
			targets = (
				6D84417B28731BF900065E97 /* WeatherTestUI */,
				6D84418B28731BFA00065E97 /* WeatherTestUITests */,
				6D84419528731BFA00065E97 /* WeatherTestUIUITests */,
			);
		};
/* End PBXProject section */

/* Begin PBXResourcesBuildPhase section */
		6D84417A28731BF900065E97 /* Resources */ = {
			isa = PBXResourcesBuildPhase;
			buildActionMask = 2147483647;
			files = (
				6D84418728731BFA00065E97 /* Preview Assets.xcassets in Resources */,
				6D84418428731BFA00065E97 /* Assets.xcassets in Resources */,
			);
			runOnlyForDeploymentPostprocessing = 0;
		};
		6D84418A28731BFA00065E97 /* Resources */ = {
			isa = PBXResourcesBuildPhase;
			buildActionMask = 2147483647;
			files = (
			);
			runOnlyForDeploymentPostprocessing = 0;
		};
		6D84419428731BFA00065E97 /* Resources */ = {
			isa = PBXResourcesBuildPhase;
			buildActionMask = 2147483647;
			files = (
			);
			runOnlyForDeploymentPostprocessing = 0;
		};
/* End PBXResourcesBuildPhase section */

/* Begin PBXSourcesBuildPhase section */
		6D84417828731BF900065E97 /* Sources */ = {
			isa = PBXSourcesBuildPhase;
			buildActionMask = 2147483647;
			files = (
				6D8441BF28734C6F00065E97 /* DisplayedWeather.swift in Sources */,
				6D84418228731BF900065E97 /* ContentView.swift in Sources */,
				6D8441AA28731C2900065E97 /* WeatherViewModel.swift in Sources */,
				6D9492EF287355CD00843835 /* CurrentWeatherView.swift in Sources */,
				6D8441BD287340A800065E97 /* WeatherItemView.swift in Sources */,
				6D8441B128731E2700065E97 /* WeatherGateway.swift in Sources */,
				6D84418028731BF900065E97 /* WeatherTestUIApp.swift in Sources */,
				6D8441B7287323AF00065E97 /* WeatherModels.swift in Sources */,
				6D8441AC28731D7F00065E97 /* WeatherView.swift in Sources */,
			);
			runOnlyForDeploymentPostprocessing = 0;
		};
		6D84418828731BFA00065E97 /* Sources */ = {
			isa = PBXSourcesBuildPhase;
			buildActionMask = 2147483647;
			files = (
				6D84419128731BFA00065E97 /* WeatherTestUITests.swift in Sources */,
			);
			runOnlyForDeploymentPostprocessing = 0;
		};
		6D84419228731BFA00065E97 /* Sources */ = {
			isa = PBXSourcesBuildPhase;
			buildActionMask = 2147483647;
			files = (
				6D84419B28731BFA00065E97 /* WeatherTestUIUITests.swift in Sources */,
				6D84419D28731BFA00065E97 /* WeatherTestUIUITestsLaunchTests.swift in Sources */,
			);
			runOnlyForDeploymentPostprocessing = 0;
		};
/* End PBXSourcesBuildPhase section */

/* Begin PBXTargetDependency section */
		6D84418E28731BFA00065E97 /* PBXTargetDependency */ = {
			isa = PBXTargetDependency;
			target = 6D84417B28731BF900065E97 /* WeatherTestUI */;
			targetProxy = 6D84418D28731BFA00065E97 /* PBXContainerItemProxy */;
		};
		6D84419828731BFA00065E97 /* PBXTargetDependency */ = {
			isa = PBXTargetDependency;
			target = 6D84417B28731BF900065E97 /* WeatherTestUI */;
			targetProxy = 6D84419728731BFA00065E97 /* PBXContainerItemProxy */;
		};
/* End PBXTargetDependency section */

/* Begin XCBuildConfiguration section */
		6D84419E28731BFA00065E97 /* Debug */ = {
			isa = XCBuildConfiguration;
			buildSettings = {
				ALWAYS_SEARCH_USER_PATHS = NO;
				CLANG_ANALYZER_NONNULL = YES;
				CLANG_ANALYZER_NUMBER_OBJECT_CONVERSION = YES_AGGRESSIVE;
				CLANG_CXX_LANGUAGE_STANDARD = "gnu++17";
				CLANG_ENABLE_MODULES = YES;
				CLANG_ENABLE_OBJC_ARC = YES;
				CLANG_ENABLE_OBJC_WEAK = YES;
				CLANG_WARN_BLOCK_CAPTURE_AUTORELEASING = YES;
				CLANG_WARN_BOOL_CONVERSION = YES;
				CLANG_WARN_COMMA = YES;
				CLANG_WARN_CONSTANT_CONVERSION = YES;
				CLANG_WARN_DEPRECATED_OBJC_IMPLEMENTATIONS = YES;
				CLANG_WARN_DIRECT_OBJC_ISA_USAGE = YES_ERROR;
				CLANG_WARN_DOCUMENTATION_COMMENTS = YES;
				CLANG_WARN_EMPTY_BODY = YES;
				CLANG_WARN_ENUM_CONVERSION = YES;
				CLANG_WARN_INFINITE_RECURSION = YES;
				CLANG_WARN_INT_CONVERSION = YES;
				CLANG_WARN_NON_LITERAL_NULL_CONVERSION = YES;
				CLANG_WARN_OBJC_IMPLICIT_RETAIN_SELF = YES;
				CLANG_WARN_OBJC_LITERAL_CONVERSION = YES;
				CLANG_WARN_OBJC_ROOT_CLASS = YES_ERROR;
				CLANG_WARN_QUOTED_INCLUDE_IN_FRAMEWORK_HEADER = YES;
				CLANG_WARN_RANGE_LOOP_ANALYSIS = YES;
				CLANG_WARN_STRICT_PROTOTYPES = YES;
				CLANG_WARN_SUSPICIOUS_MOVE = YES;
				CLANG_WARN_UNGUARDED_AVAILABILITY = YES_AGGRESSIVE;
				CLANG_WARN_UNREACHABLE_CODE = YES;
				CLANG_WARN__DUPLICATE_METHOD_MATCH = YES;
				COPY_PHASE_STRIP = NO;
				DEBUG_INFORMATION_FORMAT = dwarf;
				ENABLE_STRICT_OBJC_MSGSEND = YES;
				ENABLE_TESTABILITY = YES;
				GCC_C_LANGUAGE_STANDARD = gnu11;
				GCC_DYNAMIC_NO_PIC = NO;
				GCC_NO_COMMON_BLOCKS = YES;
				GCC_OPTIMIZATION_LEVEL = 0;
				GCC_PREPROCESSOR_DEFINITIONS = (
					"DEBUG=1",
					"$(inherited)",
				);
				GCC_WARN_64_TO_32_BIT_CONVERSION = YES;
				GCC_WARN_ABOUT_RETURN_TYPE = YES_ERROR;
				GCC_WARN_UNDECLARED_SELECTOR = YES;
				GCC_WARN_UNINITIALIZED_AUTOS = YES_AGGRESSIVE;
				GCC_WARN_UNUSED_FUNCTION = YES;
				GCC_WARN_UNUSED_VARIABLE = YES;
				IPHONEOS_DEPLOYMENT_TARGET = 15.5;
				MTL_ENABLE_DEBUG_INFO = INCLUDE_SOURCE;
				MTL_FAST_MATH = YES;
				ONLY_ACTIVE_ARCH = YES;
				SDKROOT = iphoneos;
				SWIFT_ACTIVE_COMPILATION_CONDITIONS = DEBUG;
				SWIFT_OPTIMIZATION_LEVEL = "-Onone";
			};
			name = Debug;
		};
		6D84419F28731BFA00065E97 /* Release */ = {
			isa = XCBuildConfiguration;
			buildSettings = {
				ALWAYS_SEARCH_USER_PATHS = NO;
				CLANG_ANALYZER_NONNULL = YES;
				CLANG_ANALYZER_NUMBER_OBJECT_CONVERSION = YES_AGGRESSIVE;
				CLANG_CXX_LANGUAGE_STANDARD = "gnu++17";
				CLANG_ENABLE_MODULES = YES;
				CLANG_ENABLE_OBJC_ARC = YES;
				CLANG_ENABLE_OBJC_WEAK = YES;
				CLANG_WARN_BLOCK_CAPTURE_AUTORELEASING = YES;
				CLANG_WARN_BOOL_CONVERSION = YES;
				CLANG_WARN_COMMA = YES;
				CLANG_WARN_CONSTANT_CONVERSION = YES;
				CLANG_WARN_DEPRECATED_OBJC_IMPLEMENTATIONS = YES;
				CLANG_WARN_DIRECT_OBJC_ISA_USAGE = YES_ERROR;
				CLANG_WARN_DOCUMENTATION_COMMENTS = YES;
				CLANG_WARN_EMPTY_BODY = YES;
				CLANG_WARN_ENUM_CONVERSION = YES;
				CLANG_WARN_INFINITE_RECURSION = YES;
				CLANG_WARN_INT_CONVERSION = YES;
				CLANG_WARN_NON_LITERAL_NULL_CONVERSION = YES;
				CLANG_WARN_OBJC_IMPLICIT_RETAIN_SELF = YES;
				CLANG_WARN_OBJC_LITERAL_CONVERSION = YES;
				CLANG_WARN_OBJC_ROOT_CLASS = YES_ERROR;
				CLANG_WARN_QUOTED_INCLUDE_IN_FRAMEWORK_HEADER = YES;
				CLANG_WARN_RANGE_LOOP_ANALYSIS = YES;
				CLANG_WARN_STRICT_PROTOTYPES = YES;
				CLANG_WARN_SUSPICIOUS_MOVE = YES;
				CLANG_WARN_UNGUARDED_AVAILABILITY = YES_AGGRESSIVE;
				CLANG_WARN_UNREACHABLE_CODE = YES;
				CLANG_WARN__DUPLICATE_METHOD_MATCH = YES;
				COPY_PHASE_STRIP = NO;
				DEBUG_INFORMATION_FORMAT = "dwarf-with-dsym";
				ENABLE_NS_ASSERTIONS = NO;
				ENABLE_STRICT_OBJC_MSGSEND = YES;
				GCC_C_LANGUAGE_STANDARD = gnu11;
				GCC_NO_COMMON_BLOCKS = YES;
				GCC_WARN_64_TO_32_BIT_CONVERSION = YES;
				GCC_WARN_ABOUT_RETURN_TYPE = YES_ERROR;
				GCC_WARN_UNDECLARED_SELECTOR = YES;
				GCC_WARN_UNINITIALIZED_AUTOS = YES_AGGRESSIVE;
				GCC_WARN_UNUSED_FUNCTION = YES;
				GCC_WARN_UNUSED_VARIABLE = YES;
				IPHONEOS_DEPLOYMENT_TARGET = 15.5;
				MTL_ENABLE_DEBUG_INFO = NO;
				MTL_FAST_MATH = YES;
				SDKROOT = iphoneos;
				SWIFT_COMPILATION_MODE = wholemodule;
				SWIFT_OPTIMIZATION_LEVEL = "-O";
				VALIDATE_PRODUCT = YES;
			};
			name = Release;
		};
		6D8441A128731BFA00065E97 /* Debug */ = {
			isa = XCBuildConfiguration;
			buildSettings = {
				ASSETCATALOG_COMPILER_APPICON_NAME = AppIcon;
				ASSETCATALOG_COMPILER_GLOBAL_ACCENT_COLOR_NAME = AccentColor;
				CODE_SIGN_STYLE = Automatic;
				CURRENT_PROJECT_VERSION = 1;
				DEVELOPMENT_ASSET_PATHS = "\"WeatherTestUI/Preview Content\"";
				DEVELOPMENT_TEAM = A4D4DKAPHN;
				ENABLE_PREVIEWS = YES;
				GENERATE_INFOPLIST_FILE = YES;
				INFOPLIST_KEY_LSApplicationCategoryType = "";
				INFOPLIST_KEY_NSLocationAlwaysAndWhenInUseUsageDescription = "";
				INFOPLIST_KEY_NSLocationUsageDescription = "Location needed for weather update";
				INFOPLIST_KEY_NSLocationWhenInUseUsageDescription = "";
				INFOPLIST_KEY_UIApplicationSceneManifest_Generation = YES;
				INFOPLIST_KEY_UIApplicationSupportsIndirectInputEvents = YES;
				INFOPLIST_KEY_UILaunchScreen_Generation = YES;
				INFOPLIST_KEY_UISupportedInterfaceOrientations_iPad = "UIInterfaceOrientationPortrait UIInterfaceOrientationPortraitUpsideDown UIInterfaceOrientationLandscapeLeft UIInterfaceOrientationLandscapeRight";
				INFOPLIST_KEY_UISupportedInterfaceOrientations_iPhone = "UIInterfaceOrientationPortrait UIInterfaceOrientationLandscapeLeft UIInterfaceOrientationLandscapeRight";
				LD_RUNPATH_SEARCH_PATHS = (
					"$(inherited)",
					"@executable_path/Frameworks",
				);
				MARKETING_VERSION = 1.0;
				PRODUCT_BUNDLE_IDENTIFIER = com.pumpy.weatherTest.WeatherTestUI;
				PRODUCT_NAME = "$(TARGET_NAME)";
				SWIFT_EMIT_LOC_STRINGS = YES;
				SWIFT_VERSION = 5.0;
				TARGETED_DEVICE_FAMILY = "1,2";
			};
			name = Debug;
		};
		6D8441A228731BFA00065E97 /* Release */ = {
			isa = XCBuildConfiguration;
			buildSettings = {
				ASSETCATALOG_COMPILER_APPICON_NAME = AppIcon;
				ASSETCATALOG_COMPILER_GLOBAL_ACCENT_COLOR_NAME = AccentColor;
				CODE_SIGN_STYLE = Automatic;
				CURRENT_PROJECT_VERSION = 1;
				DEVELOPMENT_ASSET_PATHS = "\"WeatherTestUI/Preview Content\"";
				DEVELOPMENT_TEAM = A4D4DKAPHN;
				ENABLE_PREVIEWS = YES;
				GENERATE_INFOPLIST_FILE = YES;
				INFOPLIST_KEY_LSApplicationCategoryType = "";
				INFOPLIST_KEY_NSLocationAlwaysAndWhenInUseUsageDescription = "";
				INFOPLIST_KEY_NSLocationUsageDescription = "Location needed for weather update";
				INFOPLIST_KEY_NSLocationWhenInUseUsageDescription = "";
				INFOPLIST_KEY_UIApplicationSceneManifest_Generation = YES;
				INFOPLIST_KEY_UIApplicationSupportsIndirectInputEvents = YES;
				INFOPLIST_KEY_UILaunchScreen_Generation = YES;
				INFOPLIST_KEY_UISupportedInterfaceOrientations_iPad = "UIInterfaceOrientationPortrait UIInterfaceOrientationPortraitUpsideDown UIInterfaceOrientationLandscapeLeft UIInterfaceOrientationLandscapeRight";
				INFOPLIST_KEY_UISupportedInterfaceOrientations_iPhone = "UIInterfaceOrientationPortrait UIInterfaceOrientationLandscapeLeft UIInterfaceOrientationLandscapeRight";
				LD_RUNPATH_SEARCH_PATHS = (
					"$(inherited)",
					"@executable_path/Frameworks",
				);
				MARKETING_VERSION = 1.0;
				PRODUCT_BUNDLE_IDENTIFIER = com.pumpy.weatherTest.WeatherTestUI;
				PRODUCT_NAME = "$(TARGET_NAME)";
				SWIFT_EMIT_LOC_STRINGS = YES;
				SWIFT_VERSION = 5.0;
				TARGETED_DEVICE_FAMILY = "1,2";
			};
			name = Release;
		};
		6D8441A428731BFA00065E97 /* Debug */ = {
			isa = XCBuildConfiguration;
			buildSettings = {
				ALWAYS_EMBED_SWIFT_STANDARD_LIBRARIES = YES;
				BUNDLE_LOADER = "$(TEST_HOST)";
				CODE_SIGN_STYLE = Automatic;
				CURRENT_PROJECT_VERSION = 1;
				DEVELOPMENT_TEAM = A4D4DKAPHN;
				GENERATE_INFOPLIST_FILE = YES;
				IPHONEOS_DEPLOYMENT_TARGET = 15.5;
				MARKETING_VERSION = 1.0;
				PRODUCT_BUNDLE_IDENTIFIER = com.pumpy.weatherTest.WeatherTestUITests;
				PRODUCT_NAME = "$(TARGET_NAME)";
				SWIFT_EMIT_LOC_STRINGS = NO;
				SWIFT_VERSION = 5.0;
				TARGETED_DEVICE_FAMILY = "1,2";
				TEST_HOST = "$(BUILT_PRODUCTS_DIR)/WeatherTestUI.app/WeatherTestUI";
			};
			name = Debug;
		};
		6D8441A528731BFA00065E97 /* Release */ = {
			isa = XCBuildConfiguration;
			buildSettings = {
				ALWAYS_EMBED_SWIFT_STANDARD_LIBRARIES = YES;
				BUNDLE_LOADER = "$(TEST_HOST)";
				CODE_SIGN_STYLE = Automatic;
				CURRENT_PROJECT_VERSION = 1;
				DEVELOPMENT_TEAM = A4D4DKAPHN;
				GENERATE_INFOPLIST_FILE = YES;
				IPHONEOS_DEPLOYMENT_TARGET = 15.5;
				MARKETING_VERSION = 1.0;
				PRODUCT_BUNDLE_IDENTIFIER = com.pumpy.weatherTest.WeatherTestUITests;
				PRODUCT_NAME = "$(TARGET_NAME)";
				SWIFT_EMIT_LOC_STRINGS = NO;
				SWIFT_VERSION = 5.0;
				TARGETED_DEVICE_FAMILY = "1,2";
				TEST_HOST = "$(BUILT_PRODUCTS_DIR)/WeatherTestUI.app/WeatherTestUI";
			};
			name = Release;
		};
		6D8441A728731BFA00065E97 /* Debug */ = {
			isa = XCBuildConfiguration;
			buildSettings = {
				ALWAYS_EMBED_SWIFT_STANDARD_LIBRARIES = YES;
				CODE_SIGN_STYLE = Automatic;
				CURRENT_PROJECT_VERSION = 1;
				DEVELOPMENT_TEAM = A4D4DKAPHN;
				GENERATE_INFOPLIST_FILE = YES;
				MARKETING_VERSION = 1.0;
				PRODUCT_BUNDLE_IDENTIFIER = com.pumpy.weatherTest.WeatherTestUIUITests;
				PRODUCT_NAME = "$(TARGET_NAME)";
				SWIFT_EMIT_LOC_STRINGS = NO;
				SWIFT_VERSION = 5.0;
				TARGETED_DEVICE_FAMILY = "1,2";
				TEST_TARGET_NAME = WeatherTestUI;
			};
			name = Debug;
		};
		6D8441A828731BFA00065E97 /* Release */ = {
			isa = XCBuildConfiguration;
			buildSettings = {
				ALWAYS_EMBED_SWIFT_STANDARD_LIBRARIES = YES;
				CODE_SIGN_STYLE = Automatic;
				CURRENT_PROJECT_VERSION = 1;
				DEVELOPMENT_TEAM = A4D4DKAPHN;
				GENERATE_INFOPLIST_FILE = YES;
				MARKETING_VERSION = 1.0;
				PRODUCT_BUNDLE_IDENTIFIER = com.pumpy.weatherTest.WeatherTestUIUITests;
				PRODUCT_NAME = "$(TARGET_NAME)";
				SWIFT_EMIT_LOC_STRINGS = NO;
				SWIFT_VERSION = 5.0;
				TARGETED_DEVICE_FAMILY = "1,2";
				TEST_TARGET_NAME = WeatherTestUI;
			};
			name = Release;
		};
/* End XCBuildConfiguration section */

/* Begin XCConfigurationList section */
		6D84417728731BF900065E97 /* Build configuration list for PBXProject "WeatherTestUI" */ = {
			isa = XCConfigurationList;
			buildConfigurations = (
				6D84419E28731BFA00065E97 /* Debug */,
				6D84419F28731BFA00065E97 /* Release */,
			);
			defaultConfigurationIsVisible = 0;
			defaultConfigurationName = Release;
		};
		6D8441A028731BFA00065E97 /* Build configuration list for PBXNativeTarget "WeatherTestUI" */ = {
			isa = XCConfigurationList;
			buildConfigurations = (
				6D8441A128731BFA00065E97 /* Debug */,
				6D8441A228731BFA00065E97 /* Release */,
			);
			defaultConfigurationIsVisible = 0;
			defaultConfigurationName = Release;
		};
		6D8441A328731BFA00065E97 /* Build configuration list for PBXNativeTarget "WeatherTestUITests" */ = {
			isa = XCConfigurationList;
			buildConfigurations = (
				6D8441A428731BFA00065E97 /* Debug */,
				6D8441A528731BFA00065E97 /* Release */,
			);
			defaultConfigurationIsVisible = 0;
			defaultConfigurationName = Release;
		};
		6D8441A628731BFA00065E97 /* Build configuration list for PBXNativeTarget "WeatherTestUIUITests" */ = {
			isa = XCConfigurationList;
			buildConfigurations = (
				6D8441A728731BFA00065E97 /* Debug */,
				6D8441A828731BFA00065E97 /* Release */,
			);
			defaultConfigurationIsVisible = 0;
			defaultConfigurationName = Release;
		};
/* End XCConfigurationList section */

/* Begin XCRemoteSwiftPackageReference section */
		6D8441AD28731E1C00065E97 /* XCRemoteSwiftPackageReference "Alamofire" */ = {
			isa = XCRemoteSwiftPackageReference;
			repositoryURL = "https://github.com/Alamofire/Alamofire.git";
			requirement = {
				kind = upToNextMajorVersion;
				minimumVersion = 5.0.0;
			};
		};
		6D8441B3287321F300065E97 /* XCRemoteSwiftPackageReference "SwiftyJSON" */ = {
			isa = XCRemoteSwiftPackageReference;
			repositoryURL = "https://github.com/SwiftyJSON/SwiftyJSON";
			requirement = {
				kind = upToNextMajorVersion;
				minimumVersion = 5.0.0;
			};
		};
/* End XCRemoteSwiftPackageReference section */

/* Begin XCSwiftPackageProductDependency section */
		6D8441AE28731E1C00065E97 /* Alamofire */ = {
			isa = XCSwiftPackageProductDependency;
			package = 6D8441AD28731E1C00065E97 /* XCRemoteSwiftPackageReference "Alamofire" */;
			productName = Alamofire;
		};
/* End XCSwiftPackageProductDependency section */
	};
	rootObject = 6D84417428731BF900065E97 /* Project object */;
}
