// !$*UTF8*$!
{
	archiveVersion = 1;
	classes = {
	};
	objectVersion = 55;
	objects = {

/* Begin PBXBuildFile section */
		6D01FDA028747D6400216FFB /* WeatherVM.swift in Sources */ = {isa = PBXBuildFile; fileRef = 6D01FD9F28747D6400216FFB /* WeatherVM.swift */; };
		6D01FDA228747FAC00216FFB /* ContentView.swift in Sources */ = {isa = PBXBuildFile; fileRef = 6D01FDA128747FAC00216FFB /* ContentView.swift */; };
		6D01FDA52874817C00216FFB /* VideoView.swift in Sources */ = {isa = PBXBuildFile; fileRef = 6D01FDA42874817C00216FFB /* VideoView.swift */; };
		6D84418028731BF900065E97 /* App.swift in Sources */ = {isa = PBXBuildFile; fileRef = 6D84417F28731BF900065E97 /* App.swift */; };
		6D84418228731BF900065E97 /* CurrentLocationView.swift in Sources */ = {isa = PBXBuildFile; fileRef = 6D84418128731BF900065E97 /* CurrentLocationView.swift */; };
		6D84418428731BFA00065E97 /* Assets.xcassets in Resources */ = {isa = PBXBuildFile; fileRef = 6D84418328731BFA00065E97 /* Assets.xcassets */; };
		6D84418728731BFA00065E97 /* Preview Assets.xcassets in Resources */ = {isa = PBXBuildFile; fileRef = 6D84418628731BFA00065E97 /* Preview Assets.xcassets */; };
		6D8441AA28731C2900065E97 /* CurrentLocationVM.swift in Sources */ = {isa = PBXBuildFile; fileRef = 6D8441A928731C2900065E97 /* CurrentLocationVM.swift */; };
		6D8441AC28731D7F00065E97 /* WeatherView.swift in Sources */ = {isa = PBXBuildFile; fileRef = 6D8441AB28731D7F00065E97 /* WeatherView.swift */; };
		6D8441AF28731E1C00065E97 /* Alamofire in Frameworks */ = {isa = PBXBuildFile; productRef = 6D8441AE28731E1C00065E97 /* Alamofire */; };
		6D8441B128731E2700065E97 /* HourlyForecatsGateway.swift in Sources */ = {isa = PBXBuildFile; fileRef = 6D8441B028731E2700065E97 /* HourlyForecatsGateway.swift */; };
		6D8441B7287323AF00065E97 /* HourlyWeatherModels.swift in Sources */ = {isa = PBXBuildFile; fileRef = 6D8441B6287323AF00065E97 /* HourlyWeatherModels.swift */; };
		6D8441BD287340A800065E97 /* HourlyItemView.swift in Sources */ = {isa = PBXBuildFile; fileRef = 6D8441BC287340A800065E97 /* HourlyItemView.swift */; };
		6D8441BF28734C6F00065E97 /* DisplayedWeather.swift in Sources */ = {isa = PBXBuildFile; fileRef = 6D8441BE28734C6F00065E97 /* DisplayedWeather.swift */; };
		6D9492EF287355CD00843835 /* CurrentWeatherView.swift in Sources */ = {isa = PBXBuildFile; fileRef = 6D9492EE287355CD00843835 /* CurrentWeatherView.swift */; };
		6DF852D92874337800289CE8 /* ForecastController.swift in Sources */ = {isa = PBXBuildFile; fileRef = 6DF852D82874337800289CE8 /* ForecastController.swift */; };
		6DF852DC287433BF00289CE8 /* GetHourlyFourcasts.swift in Sources */ = {isa = PBXBuildFile; fileRef = 6DF852DB287433BF00289CE8 /* GetHourlyFourcasts.swift */; };
		6DF852E1287434EF00289CE8 /* GetDailyForecats.swift in Sources */ = {isa = PBXBuildFile; fileRef = 6DF852E0287434EF00289CE8 /* GetDailyForecats.swift */; };
		6DF852E32874350A00289CE8 /* DailyForecastsGateway.swift in Sources */ = {isa = PBXBuildFile; fileRef = 6DF852E22874350900289CE8 /* DailyForecastsGateway.swift */; };
		6DF852E62874354C00289CE8 /* Keys.swift in Sources */ = {isa = PBXBuildFile; fileRef = 6DF852E52874354C00289CE8 /* Keys.swift */; };
		6DF8531628743D7100289CE8 /* HourlyWeatherTests.swift in Sources */ = {isa = PBXBuildFile; fileRef = 6DF8531528743D7100289CE8 /* HourlyWeatherTests.swift */; };
		6DF8531A2874465500289CE8 /* DailyWeatherTests.swift in Sources */ = {isa = PBXBuildFile; fileRef = 6DF853192874465500289CE8 /* DailyWeatherTests.swift */; };
		6DF8531C2874482000289CE8 /* DailyWeatherModels.swift in Sources */ = {isa = PBXBuildFile; fileRef = 6DF8531B2874482000289CE8 /* DailyWeatherModels.swift */; };
		6DF8531E28744C0200289CE8 /* LocationDelegate.swift in Sources */ = {isa = PBXBuildFile; fileRef = 6DF8531D28744C0200289CE8 /* LocationDelegate.swift */; };
		6DF8532028744FA200289CE8 /* HourlyWeather.swift in Sources */ = {isa = PBXBuildFile; fileRef = 6DF8531F28744FA200289CE8 /* HourlyWeather.swift */; };
		6DF853222874514200289CE8 /* DailyWeather.swift in Sources */ = {isa = PBXBuildFile; fileRef = 6DF853212874514200289CE8 /* DailyWeather.swift */; };
		6DF853262874530C00289CE8 /* Converters.swift in Sources */ = {isa = PBXBuildFile; fileRef = 6DF853252874530C00289CE8 /* Converters.swift */; };
		6DF8532928745B3600289CE8 /* MockPreviewData.swift in Sources */ = {isa = PBXBuildFile; fileRef = 6DF8532828745B3600289CE8 /* MockPreviewData.swift */; };
		6DF8532D28745E7B00289CE8 /* SegmentedPicker.swift in Sources */ = {isa = PBXBuildFile; fileRef = 6DF8532C28745E7B00289CE8 /* SegmentedPicker.swift */; };
		6DF8532F2874609100289CE8 /* HourlyListView.swift in Sources */ = {isa = PBXBuildFile; fileRef = 6DF8532E2874609100289CE8 /* HourlyListView.swift */; };
		6DF85331287461B900289CE8 /* DailyListView.swift in Sources */ = {isa = PBXBuildFile; fileRef = 6DF85330287461B900289CE8 /* DailyListView.swift */; };
		6DF853332874620400289CE8 /* DailyItemView.swift in Sources */ = {isa = PBXBuildFile; fileRef = 6DF853322874620400289CE8 /* DailyItemView.swift */; };
/* End PBXBuildFile section */

/* Begin PBXContainerItemProxy section */
		6DF8531028743D5D00289CE8 /* PBXContainerItemProxy */ = {
			isa = PBXContainerItemProxy;
			containerPortal = 6D84417428731BF900065E97 /* Project object */;
			proxyType = 1;
			remoteGlobalIDString = 6D84417B28731BF900065E97;
			remoteInfo = WeatherTestSwiftUI;
		};
/* End PBXContainerItemProxy section */

/* Begin PBXFileReference section */
		6D01FD9F28747D6400216FFB /* WeatherVM.swift */ = {isa = PBXFileReference; lastKnownFileType = sourcecode.swift; path = WeatherVM.swift; sourceTree = "<group>"; };
		6D01FDA128747FAC00216FFB /* ContentView.swift */ = {isa = PBXFileReference; lastKnownFileType = sourcecode.swift; path = ContentView.swift; sourceTree = "<group>"; };
		6D01FDA42874817C00216FFB /* VideoView.swift */ = {isa = PBXFileReference; lastKnownFileType = sourcecode.swift; path = VideoView.swift; sourceTree = "<group>"; };
		6D84417C28731BF900065E97 /* WeatherTestSwiftUI.app */ = {isa = PBXFileReference; explicitFileType = wrapper.application; includeInIndex = 0; path = WeatherTestSwiftUI.app; sourceTree = BUILT_PRODUCTS_DIR; };
		6D84417F28731BF900065E97 /* App.swift */ = {isa = PBXFileReference; lastKnownFileType = sourcecode.swift; path = App.swift; sourceTree = "<group>"; };
		6D84418128731BF900065E97 /* CurrentLocationView.swift */ = {isa = PBXFileReference; lastKnownFileType = sourcecode.swift; path = CurrentLocationView.swift; sourceTree = "<group>"; };
		6D84418328731BFA00065E97 /* Assets.xcassets */ = {isa = PBXFileReference; lastKnownFileType = folder.assetcatalog; path = Assets.xcassets; sourceTree = "<group>"; };
		6D84418628731BFA00065E97 /* Preview Assets.xcassets */ = {isa = PBXFileReference; lastKnownFileType = folder.assetcatalog; path = "Preview Assets.xcassets"; sourceTree = "<group>"; };
		6D8441A928731C2900065E97 /* CurrentLocationVM.swift */ = {isa = PBXFileReference; lastKnownFileType = sourcecode.swift; path = CurrentLocationVM.swift; sourceTree = "<group>"; };
		6D8441AB28731D7F00065E97 /* WeatherView.swift */ = {isa = PBXFileReference; lastKnownFileType = sourcecode.swift; path = WeatherView.swift; sourceTree = "<group>"; };
		6D8441B028731E2700065E97 /* HourlyForecatsGateway.swift */ = {isa = PBXFileReference; lastKnownFileType = sourcecode.swift; path = HourlyForecatsGateway.swift; sourceTree = "<group>"; };
		6D8441B6287323AF00065E97 /* HourlyWeatherModels.swift */ = {isa = PBXFileReference; lastKnownFileType = sourcecode.swift; path = HourlyWeatherModels.swift; sourceTree = "<group>"; };
		6D8441BC287340A800065E97 /* HourlyItemView.swift */ = {isa = PBXFileReference; lastKnownFileType = sourcecode.swift; path = HourlyItemView.swift; sourceTree = "<group>"; };
		6D8441BE28734C6F00065E97 /* DisplayedWeather.swift */ = {isa = PBXFileReference; lastKnownFileType = sourcecode.swift; path = DisplayedWeather.swift; sourceTree = "<group>"; };
		6D9492EE287355CD00843835 /* CurrentWeatherView.swift */ = {isa = PBXFileReference; lastKnownFileType = sourcecode.swift; path = CurrentWeatherView.swift; sourceTree = "<group>"; };
		6DF852D82874337800289CE8 /* ForecastController.swift */ = {isa = PBXFileReference; lastKnownFileType = sourcecode.swift; path = ForecastController.swift; sourceTree = "<group>"; };
		6DF852DB287433BF00289CE8 /* GetHourlyFourcasts.swift */ = {isa = PBXFileReference; lastKnownFileType = sourcecode.swift; path = GetHourlyFourcasts.swift; sourceTree = "<group>"; };
		6DF852E0287434EF00289CE8 /* GetDailyForecats.swift */ = {isa = PBXFileReference; lastKnownFileType = sourcecode.swift; path = GetDailyForecats.swift; sourceTree = "<group>"; };
		6DF852E22874350900289CE8 /* DailyForecastsGateway.swift */ = {isa = PBXFileReference; lastKnownFileType = sourcecode.swift; path = DailyForecastsGateway.swift; sourceTree = "<group>"; };
		6DF852E52874354C00289CE8 /* Keys.swift */ = {isa = PBXFileReference; lastKnownFileType = sourcecode.swift; path = Keys.swift; sourceTree = "<group>"; };
		6DF8530C28743D5D00289CE8 /* WeatherTestSwiftUITests.xctest */ = {isa = PBXFileReference; explicitFileType = wrapper.cfbundle; includeInIndex = 0; path = WeatherTestSwiftUITests.xctest; sourceTree = BUILT_PRODUCTS_DIR; };
		6DF8531528743D7100289CE8 /* HourlyWeatherTests.swift */ = {isa = PBXFileReference; lastKnownFileType = sourcecode.swift; path = HourlyWeatherTests.swift; sourceTree = "<group>"; };
		6DF853192874465500289CE8 /* DailyWeatherTests.swift */ = {isa = PBXFileReference; lastKnownFileType = sourcecode.swift; path = DailyWeatherTests.swift; sourceTree = "<group>"; };
		6DF8531B2874482000289CE8 /* DailyWeatherModels.swift */ = {isa = PBXFileReference; lastKnownFileType = sourcecode.swift; path = DailyWeatherModels.swift; sourceTree = "<group>"; };
		6DF8531D28744C0200289CE8 /* LocationDelegate.swift */ = {isa = PBXFileReference; lastKnownFileType = sourcecode.swift; path = LocationDelegate.swift; sourceTree = "<group>"; };
		6DF8531F28744FA200289CE8 /* HourlyWeather.swift */ = {isa = PBXFileReference; lastKnownFileType = sourcecode.swift; path = HourlyWeather.swift; sourceTree = "<group>"; };
		6DF853212874514200289CE8 /* DailyWeather.swift */ = {isa = PBXFileReference; lastKnownFileType = sourcecode.swift; path = DailyWeather.swift; sourceTree = "<group>"; };
		6DF853252874530C00289CE8 /* Converters.swift */ = {isa = PBXFileReference; lastKnownFileType = sourcecode.swift; path = Converters.swift; sourceTree = "<group>"; };
		6DF8532828745B3600289CE8 /* MockPreviewData.swift */ = {isa = PBXFileReference; lastKnownFileType = sourcecode.swift; path = MockPreviewData.swift; sourceTree = "<group>"; };
		6DF8532C28745E7B00289CE8 /* SegmentedPicker.swift */ = {isa = PBXFileReference; lastKnownFileType = sourcecode.swift; path = SegmentedPicker.swift; sourceTree = "<group>"; };
		6DF8532E2874609100289CE8 /* HourlyListView.swift */ = {isa = PBXFileReference; lastKnownFileType = sourcecode.swift; path = HourlyListView.swift; sourceTree = "<group>"; };
		6DF85330287461B900289CE8 /* DailyListView.swift */ = {isa = PBXFileReference; lastKnownFileType = sourcecode.swift; path = DailyListView.swift; sourceTree = "<group>"; };
		6DF853322874620400289CE8 /* DailyItemView.swift */ = {isa = PBXFileReference; lastKnownFileType = sourcecode.swift; path = DailyItemView.swift; sourceTree = "<group>"; };
/* End PBXFileReference section */

/* Begin PBXFrameworksBuildPhase section */
		6D84417928731BF900065E97 /* Frameworks */ = {
			isa = PBXFrameworksBuildPhase;
			buildActionMask = 2147483647;
			files = (
				6D8441AF28731E1C00065E97 /* Alamofire in Frameworks */,
			);
			runOnlyForDeploymentPostprocessing = 0;
		};
		6DF8530928743D5D00289CE8 /* Frameworks */ = {
			isa = PBXFrameworksBuildPhase;
			buildActionMask = 2147483647;
			files = (
			);
			runOnlyForDeploymentPostprocessing = 0;
		};
/* End PBXFrameworksBuildPhase section */

/* Begin PBXGroup section */
		6D01FD9B28747CDC00216FFB /* WeatherView */ = {
			isa = PBXGroup;
			children = (
				6D8441AB28731D7F00065E97 /* WeatherView.swift */,
				6D9492EE287355CD00843835 /* CurrentWeatherView.swift */,
				6DF8532C28745E7B00289CE8 /* SegmentedPicker.swift */,
				6DF85330287461B900289CE8 /* DailyListView.swift */,
				6DF853322874620400289CE8 /* DailyItemView.swift */,
				6DF8532E2874609100289CE8 /* HourlyListView.swift */,
				6D8441BC287340A800065E97 /* HourlyItemView.swift */,
				6D01FD9C28747D2A00216FFB /* ViewModel */,
			);
			path = WeatherView;
			sourceTree = "<group>";
		};
		6D01FD9C28747D2A00216FFB /* ViewModel */ = {
			isa = PBXGroup;
			children = (
				6D01FD9F28747D6400216FFB /* WeatherVM.swift */,
			);
			path = ViewModel;
			sourceTree = "<group>";
		};
		6D01FDA3287480A100216FFB /* Video */ = {
			isa = PBXGroup;
			children = (
				6D01FDA42874817C00216FFB /* VideoView.swift */,
			);
			path = Video;
			sourceTree = "<group>";
		};
		6D84417328731BF900065E97 = {
			isa = PBXGroup;
			children = (
				6D84417E28731BF900065E97 /* WeatherTestSwiftUI */,
				6DF8530D28743D5D00289CE8 /* WeatherTestSwiftUITests */,
				6D84417D28731BF900065E97 /* Products */,
			);
			sourceTree = "<group>";
		};
		6D84417D28731BF900065E97 /* Products */ = {
			isa = PBXGroup;
			children = (
				6D84417C28731BF900065E97 /* WeatherTestSwiftUI.app */,
				6DF8530C28743D5D00289CE8 /* WeatherTestSwiftUITests.xctest */,
			);
			name = Products;
			sourceTree = "<group>";
		};
		6D84417E28731BF900065E97 /* WeatherTestSwiftUI */ = {
			isa = PBXGroup;
			children = (
				6D8441B82873375C00065E97 /* Views */,
				6DF852D72874335900289CE8 /* Controllers */,
				6DF852DA287433AD00289CE8 /* Use Cases */,
				6D8441BA2873376F00065E97 /* Entities */,
				6D8441BB2873377800065E97 /* Gateway */,
				6DF852E42874353E00289CE8 /* Helpers */,
			);
			path = WeatherTestSwiftUI;
			sourceTree = "<group>";
		};
		6D84418528731BFA00065E97 /* Preview Content */ = {
			isa = PBXGroup;
			children = (
				6D84418628731BFA00065E97 /* Preview Assets.xcassets */,
			);
			path = "Preview Content";
			sourceTree = "<group>";
		};
		6D8441B82873375C00065E97 /* Views */ = {
			isa = PBXGroup;
			children = (
				6DF852DF287434B200289CE8 /* App */,
				6DB9FE8A28747BF400575AA3 /* CurrentLocation */,
				6D01FD9B28747CDC00216FFB /* WeatherView */,
				6D01FDA3287480A100216FFB /* Video */,
			);
			path = Views;
			sourceTree = "<group>";
		};
		6D8441B92873376300065E97 /* View Model */ = {
			isa = PBXGroup;
			children = (
				6D8441A928731C2900065E97 /* CurrentLocationVM.swift */,
				6DF8531D28744C0200289CE8 /* LocationDelegate.swift */,
				6DF8531F28744FA200289CE8 /* HourlyWeather.swift */,
				6DF853212874514200289CE8 /* DailyWeather.swift */,
				6DF853252874530C00289CE8 /* Converters.swift */,
			);
			path = "View Model";
			sourceTree = "<group>";
		};
		6D8441BA2873376F00065E97 /* Entities */ = {
			isa = PBXGroup;
			children = (
				6D8441B6287323AF00065E97 /* HourlyWeatherModels.swift */,
				6DF8531B2874482000289CE8 /* DailyWeatherModels.swift */,
				6D8441BE28734C6F00065E97 /* DisplayedWeather.swift */,
			);
			path = Entities;
			sourceTree = "<group>";
		};
		6D8441BB2873377800065E97 /* Gateway */ = {
			isa = PBXGroup;
			children = (
				6D8441B028731E2700065E97 /* HourlyForecatsGateway.swift */,
				6DF852E22874350900289CE8 /* DailyForecastsGateway.swift */,
			);
			path = Gateway;
			sourceTree = "<group>";
		};
		6DB9FE8A28747BF400575AA3 /* CurrentLocation */ = {
			isa = PBXGroup;
			children = (
				6D84418128731BF900065E97 /* CurrentLocationView.swift */,
				6D8441B92873376300065E97 /* View Model */,
			);
			path = CurrentLocation;
			sourceTree = "<group>";
		};
		6DF852D72874335900289CE8 /* Controllers */ = {
			isa = PBXGroup;
			children = (
				6DF852D82874337800289CE8 /* ForecastController.swift */,
			);
			path = Controllers;
			sourceTree = "<group>";
		};
		6DF852DA287433AD00289CE8 /* Use Cases */ = {
			isa = PBXGroup;
			children = (
				6DF852DB287433BF00289CE8 /* GetHourlyFourcasts.swift */,
				6DF852E0287434EF00289CE8 /* GetDailyForecats.swift */,
			);
			path = "Use Cases";
			sourceTree = "<group>";
		};
		6DF852DF287434B200289CE8 /* App */ = {
			isa = PBXGroup;
			children = (
				6D84417F28731BF900065E97 /* App.swift */,
				6D01FDA128747FAC00216FFB /* ContentView.swift */,
			);
			path = App;
			sourceTree = "<group>";
		};
		6DF852E42874353E00289CE8 /* Helpers */ = {
			isa = PBXGroup;
			children = (
				6DF852E52874354C00289CE8 /* Keys.swift */,
				6DF8532828745B3600289CE8 /* MockPreviewData.swift */,
				6D84418528731BFA00065E97 /* Preview Content */,
				6D84418328731BFA00065E97 /* Assets.xcassets */,
			);
			path = Helpers;
			sourceTree = "<group>";
		};
		6DF8530D28743D5D00289CE8 /* WeatherTestSwiftUITests */ = {
			isa = PBXGroup;
			children = (
				6DF853192874465500289CE8 /* DailyWeatherTests.swift */,
				6DF8531528743D7100289CE8 /* HourlyWeatherTests.swift */,
			);
			path = WeatherTestSwiftUITests;
			sourceTree = "<group>";
		};
/* End PBXGroup section */

/* Begin PBXNativeTarget section */
		6D84417B28731BF900065E97 /* WeatherTestSwiftUI */ = {
			isa = PBXNativeTarget;
			buildConfigurationList = 6D8441A028731BFA00065E97 /* Build configuration list for PBXNativeTarget "WeatherTestSwiftUI" */;
			buildPhases = (
				6D84417828731BF900065E97 /* Sources */,
				6D84417928731BF900065E97 /* Frameworks */,
				6D84417A28731BF900065E97 /* Resources */,
			);
			buildRules = (
			);
			dependencies = (
			);
			name = WeatherTestSwiftUI;
			packageProductDependencies = (
				6D8441AE28731E1C00065E97 /* Alamofire */,
			);
			productName = WeatherTestUI;
			productReference = 6D84417C28731BF900065E97 /* WeatherTestSwiftUI.app */;
			productType = "com.apple.product-type.application";
		};
		6DF8530B28743D5D00289CE8 /* WeatherTestSwiftUITests */ = {
			isa = PBXNativeTarget;
			buildConfigurationList = 6DF8531228743D5D00289CE8 /* Build configuration list for PBXNativeTarget "WeatherTestSwiftUITests" */;
			buildPhases = (
				6DF8530828743D5D00289CE8 /* Sources */,
				6DF8530928743D5D00289CE8 /* Frameworks */,
				6DF8530A28743D5D00289CE8 /* Resources */,
			);
			buildRules = (
			);
			dependencies = (
				6DF8531128743D5D00289CE8 /* PBXTargetDependency */,
			);
			name = WeatherTestSwiftUITests;
			productName = WeatherTestSwiftUITests;
			productReference = 6DF8530C28743D5D00289CE8 /* WeatherTestSwiftUITests.xctest */;
			productType = "com.apple.product-type.bundle.unit-test";
		};
/* End PBXNativeTarget section */

/* Begin PBXProject section */
		6D84417428731BF900065E97 /* Project object */ = {
			isa = PBXProject;
			attributes = {
				BuildIndependentTargetsInParallel = 1;
				LastSwiftUpdateCheck = 1340;
				LastUpgradeCheck = 1340;
				TargetAttributes = {
					6D84417B28731BF900065E97 = {
						CreatedOnToolsVersion = 13.4.1;
					};
					6DF8530B28743D5D00289CE8 = {
						CreatedOnToolsVersion = 13.4.1;
						TestTargetID = 6D84417B28731BF900065E97;
					};
				};
			};
			buildConfigurationList = 6D84417728731BF900065E97 /* Build configuration list for PBXProject "WeatherTestSwiftUI" */;
			compatibilityVersion = "Xcode 13.0";
			developmentRegion = en;
			hasScannedForEncodings = 0;
			knownRegions = (
				en,
				Base,
			);
			mainGroup = 6D84417328731BF900065E97;
			packageReferences = (
				6D8441AD28731E1C00065E97 /* XCRemoteSwiftPackageReference "Alamofire" */,
			);
			productRefGroup = 6D84417D28731BF900065E97 /* Products */;
			projectDirPath = "";
			projectRoot = "";
			targets = (
				6D84417B28731BF900065E97 /* WeatherTestSwiftUI */,
				6DF8530B28743D5D00289CE8 /* WeatherTestSwiftUITests */,
			);
		};
/* End PBXProject section */

/* Begin PBXResourcesBuildPhase section */
		6D84417A28731BF900065E97 /* Resources */ = {
			isa = PBXResourcesBuildPhase;
			buildActionMask = 2147483647;
			files = (
				6D84418728731BFA00065E97 /* Preview Assets.xcassets in Resources */,
				6D84418428731BFA00065E97 /* Assets.xcassets in Resources */,
			);
			runOnlyForDeploymentPostprocessing = 0;
		};
		6DF8530A28743D5D00289CE8 /* Resources */ = {
			isa = PBXResourcesBuildPhase;
			buildActionMask = 2147483647;
			files = (
			);
			runOnlyForDeploymentPostprocessing = 0;
		};
/* End PBXResourcesBuildPhase section */

/* Begin PBXSourcesBuildPhase section */
		6D84417828731BF900065E97 /* Sources */ = {
			isa = PBXSourcesBuildPhase;
			buildActionMask = 2147483647;
			files = (
				6DF8532028744FA200289CE8 /* HourlyWeather.swift in Sources */,
				6DF853262874530C00289CE8 /* Converters.swift in Sources */,
				6D8441BF28734C6F00065E97 /* DisplayedWeather.swift in Sources */,
				6D84418228731BF900065E97 /* CurrentLocationView.swift in Sources */,
				6DF852DC287433BF00289CE8 /* GetHourlyFourcasts.swift in Sources */,
				6D8441AA28731C2900065E97 /* CurrentLocationVM.swift in Sources */,
				6D9492EF287355CD00843835 /* CurrentWeatherView.swift in Sources */,
				6DF8531E28744C0200289CE8 /* LocationDelegate.swift in Sources */,
				6DF8531C2874482000289CE8 /* DailyWeatherModels.swift in Sources */,
				6DF8532D28745E7B00289CE8 /* SegmentedPicker.swift in Sources */,
				6D01FDA228747FAC00216FFB /* ContentView.swift in Sources */,
				6DF853332874620400289CE8 /* DailyItemView.swift in Sources */,
				6DF853222874514200289CE8 /* DailyWeather.swift in Sources */,
				6DF852D92874337800289CE8 /* ForecastController.swift in Sources */,
				6D8441BD287340A800065E97 /* HourlyItemView.swift in Sources */,
				6D01FDA52874817C00216FFB /* VideoView.swift in Sources */,
				6D8441B128731E2700065E97 /* HourlyForecatsGateway.swift in Sources */,
				6D84418028731BF900065E97 /* App.swift in Sources */,
				6D8441B7287323AF00065E97 /* HourlyWeatherModels.swift in Sources */,
				6DF852E32874350A00289CE8 /* DailyForecastsGateway.swift in Sources */,
				6DF852E62874354C00289CE8 /* Keys.swift in Sources */,
				6DF85331287461B900289CE8 /* DailyListView.swift in Sources */,
				6D01FDA028747D6400216FFB /* WeatherVM.swift in Sources */,
				6D8441AC28731D7F00065E97 /* WeatherView.swift in Sources */,
				6DF8532F2874609100289CE8 /* HourlyListView.swift in Sources */,
				6DF8532928745B3600289CE8 /* MockPreviewData.swift in Sources */,
				6DF852E1287434EF00289CE8 /* GetDailyForecats.swift in Sources */,
			);
			runOnlyForDeploymentPostprocessing = 0;
		};
		6DF8530828743D5D00289CE8 /* Sources */ = {
			isa = PBXSourcesBuildPhase;
			buildActionMask = 2147483647;
			files = (
				6DF8531A2874465500289CE8 /* DailyWeatherTests.swift in Sources */,
				6DF8531628743D7100289CE8 /* HourlyWeatherTests.swift in Sources */,
			);
			runOnlyForDeploymentPostprocessing = 0;
		};
/* End PBXSourcesBuildPhase section */

/* Begin PBXTargetDependency section */
		6DF8531128743D5D00289CE8 /* PBXTargetDependency */ = {
			isa = PBXTargetDependency;
			target = 6D84417B28731BF900065E97 /* WeatherTestSwiftUI */;
			targetProxy = 6DF8531028743D5D00289CE8 /* PBXContainerItemProxy */;
		};
/* End PBXTargetDependency section */

/* Begin XCBuildConfiguration section */
		6D84419E28731BFA00065E97 /* Debug */ = {
			isa = XCBuildConfiguration;
			buildSettings = {
				ALWAYS_SEARCH_USER_PATHS = NO;
				CLANG_ANALYZER_NONNULL = YES;
				CLANG_ANALYZER_NUMBER_OBJECT_CONVERSION = YES_AGGRESSIVE;
				CLANG_CXX_LANGUAGE_STANDARD = "gnu++17";
				CLANG_ENABLE_MODULES = YES;
				CLANG_ENABLE_OBJC_ARC = YES;
				CLANG_ENABLE_OBJC_WEAK = YES;
				CLANG_WARN_BLOCK_CAPTURE_AUTORELEASING = YES;
				CLANG_WARN_BOOL_CONVERSION = YES;
				CLANG_WARN_COMMA = YES;
				CLANG_WARN_CONSTANT_CONVERSION = YES;
				CLANG_WARN_DEPRECATED_OBJC_IMPLEMENTATIONS = YES;
				CLANG_WARN_DIRECT_OBJC_ISA_USAGE = YES_ERROR;
				CLANG_WARN_DOCUMENTATION_COMMENTS = YES;
				CLANG_WARN_EMPTY_BODY = YES;
				CLANG_WARN_ENUM_CONVERSION = YES;
				CLANG_WARN_INFINITE_RECURSION = YES;
				CLANG_WARN_INT_CONVERSION = YES;
				CLANG_WARN_NON_LITERAL_NULL_CONVERSION = YES;
				CLANG_WARN_OBJC_IMPLICIT_RETAIN_SELF = YES;
				CLANG_WARN_OBJC_LITERAL_CONVERSION = YES;
				CLANG_WARN_OBJC_ROOT_CLASS = YES_ERROR;
				CLANG_WARN_QUOTED_INCLUDE_IN_FRAMEWORK_HEADER = YES;
				CLANG_WARN_RANGE_LOOP_ANALYSIS = YES;
				CLANG_WARN_STRICT_PROTOTYPES = YES;
				CLANG_WARN_SUSPICIOUS_MOVE = YES;
				CLANG_WARN_UNGUARDED_AVAILABILITY = YES_AGGRESSIVE;
				CLANG_WARN_UNREACHABLE_CODE = YES;
				CLANG_WARN__DUPLICATE_METHOD_MATCH = YES;
				COPY_PHASE_STRIP = NO;
				DEBUG_INFORMATION_FORMAT = dwarf;
				ENABLE_STRICT_OBJC_MSGSEND = YES;
				ENABLE_TESTABILITY = YES;
				GCC_C_LANGUAGE_STANDARD = gnu11;
				GCC_DYNAMIC_NO_PIC = NO;
				GCC_NO_COMMON_BLOCKS = YES;
				GCC_OPTIMIZATION_LEVEL = 0;
				GCC_PREPROCESSOR_DEFINITIONS = (
					"DEBUG=1",
					"$(inherited)",
				);
				GCC_WARN_64_TO_32_BIT_CONVERSION = YES;
				GCC_WARN_ABOUT_RETURN_TYPE = YES_ERROR;
				GCC_WARN_UNDECLARED_SELECTOR = YES;
				GCC_WARN_UNINITIALIZED_AUTOS = YES_AGGRESSIVE;
				GCC_WARN_UNUSED_FUNCTION = YES;
				GCC_WARN_UNUSED_VARIABLE = YES;
				IPHONEOS_DEPLOYMENT_TARGET = 15.5;
				MTL_ENABLE_DEBUG_INFO = INCLUDE_SOURCE;
				MTL_FAST_MATH = YES;
				ONLY_ACTIVE_ARCH = YES;
				SDKROOT = iphoneos;
				SWIFT_ACTIVE_COMPILATION_CONDITIONS = DEBUG;
				SWIFT_OPTIMIZATION_LEVEL = "-Onone";
			};
			name = Debug;
		};
		6D84419F28731BFA00065E97 /* Release */ = {
			isa = XCBuildConfiguration;
			buildSettings = {
				ALWAYS_SEARCH_USER_PATHS = NO;
				CLANG_ANALYZER_NONNULL = YES;
				CLANG_ANALYZER_NUMBER_OBJECT_CONVERSION = YES_AGGRESSIVE;
				CLANG_CXX_LANGUAGE_STANDARD = "gnu++17";
				CLANG_ENABLE_MODULES = YES;
				CLANG_ENABLE_OBJC_ARC = YES;
				CLANG_ENABLE_OBJC_WEAK = YES;
				CLANG_WARN_BLOCK_CAPTURE_AUTORELEASING = YES;
				CLANG_WARN_BOOL_CONVERSION = YES;
				CLANG_WARN_COMMA = YES;
				CLANG_WARN_CONSTANT_CONVERSION = YES;
				CLANG_WARN_DEPRECATED_OBJC_IMPLEMENTATIONS = YES;
				CLANG_WARN_DIRECT_OBJC_ISA_USAGE = YES_ERROR;
				CLANG_WARN_DOCUMENTATION_COMMENTS = YES;
				CLANG_WARN_EMPTY_BODY = YES;
				CLANG_WARN_ENUM_CONVERSION = YES;
				CLANG_WARN_INFINITE_RECURSION = YES;
				CLANG_WARN_INT_CONVERSION = YES;
				CLANG_WARN_NON_LITERAL_NULL_CONVERSION = YES;
				CLANG_WARN_OBJC_IMPLICIT_RETAIN_SELF = YES;
				CLANG_WARN_OBJC_LITERAL_CONVERSION = YES;
				CLANG_WARN_OBJC_ROOT_CLASS = YES_ERROR;
				CLANG_WARN_QUOTED_INCLUDE_IN_FRAMEWORK_HEADER = YES;
				CLANG_WARN_RANGE_LOOP_ANALYSIS = YES;
				CLANG_WARN_STRICT_PROTOTYPES = YES;
				CLANG_WARN_SUSPICIOUS_MOVE = YES;
				CLANG_WARN_UNGUARDED_AVAILABILITY = YES_AGGRESSIVE;
				CLANG_WARN_UNREACHABLE_CODE = YES;
				CLANG_WARN__DUPLICATE_METHOD_MATCH = YES;
				COPY_PHASE_STRIP = NO;
				DEBUG_INFORMATION_FORMAT = "dwarf-with-dsym";
				ENABLE_NS_ASSERTIONS = NO;
				ENABLE_STRICT_OBJC_MSGSEND = YES;
				GCC_C_LANGUAGE_STANDARD = gnu11;
				GCC_NO_COMMON_BLOCKS = YES;
				GCC_WARN_64_TO_32_BIT_CONVERSION = YES;
				GCC_WARN_ABOUT_RETURN_TYPE = YES_ERROR;
				GCC_WARN_UNDECLARED_SELECTOR = YES;
				GCC_WARN_UNINITIALIZED_AUTOS = YES_AGGRESSIVE;
				GCC_WARN_UNUSED_FUNCTION = YES;
				GCC_WARN_UNUSED_VARIABLE = YES;
				IPHONEOS_DEPLOYMENT_TARGET = 15.5;
				MTL_ENABLE_DEBUG_INFO = NO;
				MTL_FAST_MATH = YES;
				SDKROOT = iphoneos;
				SWIFT_COMPILATION_MODE = wholemodule;
				SWIFT_OPTIMIZATION_LEVEL = "-O";
				VALIDATE_PRODUCT = YES;
			};
			name = Release;
		};
		6D8441A128731BFA00065E97 /* Debug */ = {
			isa = XCBuildConfiguration;
			buildSettings = {
				ASSETCATALOG_COMPILER_APPICON_NAME = AppIcon;
				ASSETCATALOG_COMPILER_GLOBAL_ACCENT_COLOR_NAME = AccentColor;
				CODE_SIGN_STYLE = Automatic;
				CURRENT_PROJECT_VERSION = 1;
				DEVELOPMENT_ASSET_PATHS = "\"WeatherTestSwiftUI/Helpers/Preview Content\"";
				DEVELOPMENT_TEAM = A4D4DKAPHN;
				ENABLE_PREVIEWS = YES;
				GENERATE_INFOPLIST_FILE = YES;
				INFOPLIST_KEY_LSApplicationCategoryType = "";
				INFOPLIST_KEY_NSLocationAlwaysAndWhenInUseUsageDescription = "";
				INFOPLIST_KEY_NSLocationUsageDescription = "Location needed for weather update";
				INFOPLIST_KEY_NSLocationWhenInUseUsageDescription = "";
				INFOPLIST_KEY_UIApplicationSceneManifest_Generation = YES;
				INFOPLIST_KEY_UIApplicationSupportsIndirectInputEvents = YES;
				INFOPLIST_KEY_UILaunchScreen_Generation = YES;
				INFOPLIST_KEY_UISupportedInterfaceOrientations_iPad = "UIInterfaceOrientationPortrait UIInterfaceOrientationPortraitUpsideDown UIInterfaceOrientationLandscapeLeft UIInterfaceOrientationLandscapeRight";
				INFOPLIST_KEY_UISupportedInterfaceOrientations_iPhone = "UIInterfaceOrientationPortrait UIInterfaceOrientationLandscapeLeft UIInterfaceOrientationLandscapeRight";
				LD_RUNPATH_SEARCH_PATHS = (
					"$(inherited)",
					"@executable_path/Frameworks",
				);
				MARKETING_VERSION = 1.0;
				PRODUCT_BUNDLE_IDENTIFIER = com.pumpy.weatherTest.WeatherTestUI;
				PRODUCT_NAME = WeatherTestSwiftUI;
				SWIFT_EMIT_LOC_STRINGS = YES;
				SWIFT_VERSION = 5.0;
				TARGETED_DEVICE_FAMILY = "1,2";
			};
			name = Debug;
		};
		6D8441A228731BFA00065E97 /* Release */ = {
			isa = XCBuildConfiguration;
			buildSettings = {
				ASSETCATALOG_COMPILER_APPICON_NAME = AppIcon;
				ASSETCATALOG_COMPILER_GLOBAL_ACCENT_COLOR_NAME = AccentColor;
				CODE_SIGN_STYLE = Automatic;
				CURRENT_PROJECT_VERSION = 1;
				DEVELOPMENT_ASSET_PATHS = "\"WeatherTestSwiftUI/Helpers/Preview Content\"";
				DEVELOPMENT_TEAM = A4D4DKAPHN;
				ENABLE_PREVIEWS = YES;
				GENERATE_INFOPLIST_FILE = YES;
				INFOPLIST_KEY_LSApplicationCategoryType = "";
				INFOPLIST_KEY_NSLocationAlwaysAndWhenInUseUsageDescription = "";
				INFOPLIST_KEY_NSLocationUsageDescription = "Location needed for weather update";
				INFOPLIST_KEY_NSLocationWhenInUseUsageDescription = "";
				INFOPLIST_KEY_UIApplicationSceneManifest_Generation = YES;
				INFOPLIST_KEY_UIApplicationSupportsIndirectInputEvents = YES;
				INFOPLIST_KEY_UILaunchScreen_Generation = YES;
				INFOPLIST_KEY_UISupportedInterfaceOrientations_iPad = "UIInterfaceOrientationPortrait UIInterfaceOrientationPortraitUpsideDown UIInterfaceOrientationLandscapeLeft UIInterfaceOrientationLandscapeRight";
				INFOPLIST_KEY_UISupportedInterfaceOrientations_iPhone = "UIInterfaceOrientationPortrait UIInterfaceOrientationLandscapeLeft UIInterfaceOrientationLandscapeRight";
				LD_RUNPATH_SEARCH_PATHS = (
					"$(inherited)",
					"@executable_path/Frameworks",
				);
				MARKETING_VERSION = 1.0;
				PRODUCT_BUNDLE_IDENTIFIER = com.pumpy.weatherTest.WeatherTestUI;
				PRODUCT_NAME = WeatherTestSwiftUI;
				SWIFT_EMIT_LOC_STRINGS = YES;
				SWIFT_VERSION = 5.0;
				TARGETED_DEVICE_FAMILY = "1,2";
			};
			name = Release;
		};
		6DF8531328743D5D00289CE8 /* Debug */ = {
			isa = XCBuildConfiguration;
			buildSettings = {
				BUNDLE_LOADER = "$(TEST_HOST)";
				CODE_SIGN_STYLE = Automatic;
				CURRENT_PROJECT_VERSION = 1;
				DEVELOPMENT_TEAM = A4D4DKAPHN;
				GENERATE_INFOPLIST_FILE = YES;
				MARKETING_VERSION = 1.0;
				PRODUCT_BUNDLE_IDENTIFIER = com.pumpy.weatherTest.WeatherTestSwiftUITests;
				PRODUCT_NAME = "$(TARGET_NAME)";
				SWIFT_EMIT_LOC_STRINGS = NO;
				SWIFT_VERSION = 5.0;
				TARGETED_DEVICE_FAMILY = "1,2";
				TEST_HOST = "$(BUILT_PRODUCTS_DIR)/WeatherTestSwiftUI.app/WeatherTestSwiftUI";
			};
			name = Debug;
		};
		6DF8531428743D5D00289CE8 /* Release */ = {
			isa = XCBuildConfiguration;
			buildSettings = {
				BUNDLE_LOADER = "$(TEST_HOST)";
				CODE_SIGN_STYLE = Automatic;
				CURRENT_PROJECT_VERSION = 1;
				DEVELOPMENT_TEAM = A4D4DKAPHN;
				GENERATE_INFOPLIST_FILE = YES;
				MARKETING_VERSION = 1.0;
				PRODUCT_BUNDLE_IDENTIFIER = com.pumpy.weatherTest.WeatherTestSwiftUITests;
				PRODUCT_NAME = "$(TARGET_NAME)";
				SWIFT_EMIT_LOC_STRINGS = NO;
				SWIFT_VERSION = 5.0;
				TARGETED_DEVICE_FAMILY = "1,2";
				TEST_HOST = "$(BUILT_PRODUCTS_DIR)/WeatherTestSwiftUI.app/WeatherTestSwiftUI";
			};
			name = Release;
		};
/* End XCBuildConfiguration section */

/* Begin XCConfigurationList section */
		6D84417728731BF900065E97 /* Build configuration list for PBXProject "WeatherTestSwiftUI" */ = {
			isa = XCConfigurationList;
			buildConfigurations = (
				6D84419E28731BFA00065E97 /* Debug */,
				6D84419F28731BFA00065E97 /* Release */,
			);
			defaultConfigurationIsVisible = 0;
			defaultConfigurationName = Release;
		};
		6D8441A028731BFA00065E97 /* Build configuration list for PBXNativeTarget "WeatherTestSwiftUI" */ = {
			isa = XCConfigurationList;
			buildConfigurations = (
				6D8441A128731BFA00065E97 /* Debug */,
				6D8441A228731BFA00065E97 /* Release */,
			);
			defaultConfigurationIsVisible = 0;
			defaultConfigurationName = Release;
		};
		6DF8531228743D5D00289CE8 /* Build configuration list for PBXNativeTarget "WeatherTestSwiftUITests" */ = {
			isa = XCConfigurationList;
			buildConfigurations = (
				6DF8531328743D5D00289CE8 /* Debug */,
				6DF8531428743D5D00289CE8 /* Release */,
			);
			defaultConfigurationIsVisible = 0;
			defaultConfigurationName = Release;
		};
/* End XCConfigurationList section */

/* Begin XCRemoteSwiftPackageReference section */
		6D8441AD28731E1C00065E97 /* XCRemoteSwiftPackageReference "Alamofire" */ = {
			isa = XCRemoteSwiftPackageReference;
			repositoryURL = "https://github.com/Alamofire/Alamofire.git";
			requirement = {
				kind = upToNextMajorVersion;
				minimumVersion = 5.0.0;
			};
		};
/* End XCRemoteSwiftPackageReference section */

/* Begin XCSwiftPackageProductDependency section */
		6D8441AE28731E1C00065E97 /* Alamofire */ = {
			isa = XCSwiftPackageProductDependency;
			package = 6D8441AD28731E1C00065E97 /* XCRemoteSwiftPackageReference "Alamofire" */;
			productName = Alamofire;
		};
/* End XCSwiftPackageProductDependency section */
	};
	rootObject = 6D84417428731BF900065E97 /* Project object */;
}
